{
  "name": "ansible-lint",
  "lockfileVersion": 3,
  "requires": true,
  "packages": {
    "": {
      "devDependencies": {
        "prettier": "^3.3.3"
      }
    },
    "node_modules/prettier": {
      "version": "3.9.1",
      "resolved": "https://registry.npmjs.org/prettier/-/prettier-3.9.1.tgz",
      "integrity": "sha512-ppiDo2CSwexck1eyZUwJHg/N3nf1+6IRCv7W/VJ5vaLnVCmB7+3CdRfMwoCHBBX6xTrREDTksZ4OZl5SSf4zXA==",
      "dev": true,
      "license": "MIT",
      "bin": {
        "prettier": "bin/prettier.cjs"
      },
      "engines": {
        "node": ">=14"
      },
      "funding": {
        "url": "https://github.com/prettier/prettier?sponsor=1"
      }
    }
  }
}
