---
- hosts: all

  pre_tasks:
    - { import_tasks: does-not-exist.yml }

  tasks:
    - block:
        - name: successful debug message
          debug: msg='i execute normally'
        - name: failure command
          changed_when: false
          ansible.builtin.command: /bin/false
        - name: never reached debug message
          debug: msg='i never execute, cause ERROR!'
      rescue:
        - name: exception debug message
          ansible.builtin.debug: msg='I caught an error'
        - name: another failure command
          changed_when: false
          ansible.builtin.command: /bin/false
        - name: another missed debug message
          debug: msg='I also never execute :-('
      always:
        - name: always reached debug message
          ansible.builtin.debug: msg="this always executes"
